
Microsoft Visual Studio Solution File, Format Version 12.00
# Visual Studio 15
VisualStudioVersion = 15.0.26430.16
MinimumVisualStudioVersion = 10.0.40219.1
Project("{FAE04EC0-301F-11D3-BF4B-00C04F79EFBC}") = "Data", "Data\Data.csproj", "{B5525ED6-F8C8-4085-9C3B-72B2FC98BDDC}"
EndProject
Project("{FAE04EC0-301F-11D3-BF4B-00C04F79EFBC}") = "UnitTest", "UnitTest\UnitTest.csproj", "{C07C6E24-035C-499E-AE88-DF85E0432B2F}"
EndProject
Global
	GlobalSection(SolutionConfigurationPlatforms) = preSolution
		Debug|Any CPU = Debug|Any CPU
		Release|Any CPU = Release|Any CPU
	EndGlobalSection
	GlobalSection(ProjectConfigurationPlatforms) = postSolution
		{B5525ED6-F8C8-4085-9C3B-72B2FC98BDDC}.Debug|Any CPU.ActiveCfg = Debug|Any CPU
		{B5525ED6-F8C8-4085-9C3B-72B2FC98BDDC}.Debug|Any CPU.Build.0 = Debug|Any CPU
		{B5525ED6-F8C8-4085-9C3B-72B2FC98BDDC}.Release|Any CPU.ActiveCfg = Release|Any CPU
		{B5525ED6-F8C8-4085-9C3B-72B2FC98BDDC}.Release|Any CPU.Build.0 = Release|Any CPU
		{C07C6E24-035C-499E-AE88-DF85E0432B2F}.Debug|Any CPU.ActiveCfg = Debug|Any CPU
		{C07C6E24-035C-499E-AE88-DF85E0432B2F}.Debug|Any CPU.Build.0 = Debug|Any CPU
		{C07C6E24-035C-499E-AE88-DF85E0432B2F}.Release|Any CPU.ActiveCfg = Release|Any CPU
		{C07C6E24-035C-499E-AE88-DF85E0432B2F}.Release|Any CPU.Build.0 = Release|Any CPU
	EndGlobalSection
	GlobalSection(SolutionProperties) = preSolution
		HideSolutionNode = FALSE
	EndGlobalSection
EndGlobal
