
Microsoft Visual Studio Solution File, Format Version 12.00
# Visual Studio Version 16
VisualStudioVersion = 16.0.30523.141
MinimumVisualStudioVersion = 10.0.40219.1
Project("{9A19103F-16F7-4668-BE54-9A1E7A4F7556}") = "Dapper.Contrib.Linq2Dapper", "Linq2Dapper\Dapper.Contrib.Linq2Dapper.csproj", "{6790F728-CB22-44BE-972E-7287373720D4}"
EndProject
Project("{9A19103F-16F7-4668-BE54-9A1E7A4F7556}") = "UnitTests", "UnitTests\UnitTests.csproj", "{FF3463B1-BCD0-45A1-8AE4-523A276521A6}"
EndProject
Global
	GlobalSection(SolutionConfigurationPlatforms) = preSolution
		Debug|Any CPU = Debug|Any CPU
		Release|Any CPU = Release|Any CPU
	EndGlobalSection
	GlobalSection(ProjectConfigurationPlatforms) = postSolution
		{6790F728-CB22-44BE-972E-7287373720D4}.Debug|Any CPU.ActiveCfg = Debug|Any CPU
		{6790F728-CB22-44BE-972E-7287373720D4}.Debug|Any CPU.Build.0 = Debug|Any CPU
		{6790F728-CB22-44BE-972E-7287373720D4}.Release|Any CPU.ActiveCfg = Release|Any CPU
		{6790F728-CB22-44BE-972E-7287373720D4}.Release|Any CPU.Build.0 = Release|Any CPU
		{FF3463B1-BCD0-45A1-8AE4-523A276521A6}.Debug|Any CPU.ActiveCfg = Debug|Any CPU
		{FF3463B1-BCD0-45A1-8AE4-523A276521A6}.Debug|Any CPU.Build.0 = Debug|Any CPU
		{FF3463B1-BCD0-45A1-8AE4-523A276521A6}.Release|Any CPU.ActiveCfg = Release|Any CPU
		{FF3463B1-BCD0-45A1-8AE4-523A276521A6}.Release|Any CPU.Build.0 = Release|Any CPU
	EndGlobalSection
	GlobalSection(SolutionProperties) = preSolution
		HideSolutionNode = FALSE
	EndGlobalSection
	GlobalSection(ExtensibilityGlobals) = postSolution
		SolutionGuid = {185D6FA1-D6B8-438C-ABF9-AAC47EDA1585}
	EndGlobalSection
EndGlobal
